
Microsoft Visual Studio Solution File, Format Version 12.00
# Visual Studio Version 17
VisualStudioVersion = 17.0.31919.166
MinimumVisualStudioVersion = 10.0.40219.1
Project("{FAE04EC0-301F-11D3-BF4B-00C04F79EFBC}") = "Test", "Test\Test.csproj", "{C9E03E9C-BC99-4BCC-8613-B3881B17EAE1}"
EndProject
Global
	GlobalSection(SolutionConfigurationPlatforms) = preSolution
		Debug|Any CPU = Debug|Any CPU
		Release|Any CPU = Release|Any CPU
	EndGlobalSection
	GlobalSection(ProjectConfigurationPlatforms) = postSolution
		{C9E03E9C-BC99-4BCC-8613-B3881B17EAE1}.Debug|Any CPU.ActiveCfg = Debug|Any CPU
		{C9E03E9C-BC99-4BCC-8613-B3881B17EAE1}.Debug|Any CPU.Build.0 = Debug|Any CPU
		{C9E03E9C-BC99-4BCC-8613-B3881B17EAE1}.Release|Any CPU.ActiveCfg = Release|Any CPU
		{C9E03E9C-BC99-4BCC-8613-B3881B17EAE1}.Release|Any CPU.Build.0 = Release|Any CPU
	EndGlobalSection
	GlobalSection(SolutionProperties) = preSolution
		HideSolutionNode = FALSE
	EndGlobalSection
	GlobalSection(ExtensibilityGlobals) = postSolution
		SolutionGuid = {87323B4E-C2B1-4656-8E37-C07B3C6BA7CD}
	EndGlobalSection
EndGlobal
